# This file is automatically @generated by Cargo.
# It is not intended for manual editing.
version = 4

[[package]]
name = "psx-audio-cook"
version = "0.1.0"
dependencies = [
 "psxed-format",
]

[[package]]
name = "psx-audio-cook-cli"
version = "0.1.0"
dependencies = [
 "psx-audio-cook",
]

[[package]]
name = "psxed-format"
version = "0.1.0"
